// !$*UTF8*$!
{
	archiveVersion = 1;
	classes = {
	};
	objectVersion = 55;
	objects = {

/* Begin PBXBuildFile section */
		8FBF1AA02A1AD135001AB641 /* Start1View.swift in Sources */ = {isa = PBXBuildFile; fileRef = 8FBF1A9F2A1AD135001AB641 /* Start1View.swift */; };
		8FBF1AA42A1AE07B001AB641 /* GameSelectionViewController.swift in Sources */ = {isa = PBXBuildFile; fileRef = 8FBF1AA32A1AE07B001AB641 /* GameSelectionViewController.swift */; };
		8FBF1AAB2A224C3D001AB641 /* CrossNillPlayer.swift in Sources */ = {isa = PBXBuildFile; fileRef = 8FBF1AA92A224C3C001AB641 /* CrossNillPlayer.swift */; };
		8FBF1AAC2A224C3D001AB641 /* CrossAndNillsViewController.swift in Sources */ = {isa = PBXBuildFile; fileRef = 8FBF1AAA2A224C3D001AB641 /* CrossAndNillsViewController.swift */; };
		8FBF1ABB2A2257A5001AB641 /* Gamecontroller.swift in Sources */ = {isa = PBXBuildFile; fileRef = 8FBF1AAF2A2257A4001AB641 /* Gamecontroller.swift */; };
		8FBF1ABC2A2257A5001AB641 /* Player.swift in Sources */ = {isa = PBXBuildFile; fileRef = 8FBF1AB02A2257A4001AB641 /* Player.swift */; };
		8FBF1ABD2A2257A5001AB641 /* Necorect.mp3 in Resources */ = {isa = PBXBuildFile; fileRef = 8FBF1AB22A2257A5001AB641 /* Necorect.mp3 */; };
		8FBF1ABE2A2257A5001AB641 /* backGraund.mp3 in Resources */ = {isa = PBXBuildFile; fileRef = 8FBF1AB32A2257A5001AB641 /* backGraund.mp3 */; };
		8FBF1ABF2A2257A5001AB641 /* correct.mp3 in Resources */ = {isa = PBXBuildFile; fileRef = 8FBF1AB42A2257A5001AB641 /* correct.mp3 */; };
		8FBF1AC02A2257A5001AB641 /* LoginViewController.swift in Sources */ = {isa = PBXBuildFile; fileRef = 8FBF1AB62A2257A5001AB641 /* LoginViewController.swift */; };
		8FBF1AC12A2257A5001AB641 /* UserTableViewCell.swift in Sources */ = {isa = PBXBuildFile; fileRef = 8FBF1AB82A2257A5001AB641 /* UserTableViewCell.swift */; };
		8FBF1AC22A2257A5001AB641 /* UserListViewController.swift in Sources */ = {isa = PBXBuildFile; fileRef = 8FBF1AB92A2257A5001AB641 /* UserListViewController.swift */; };
		8FBF1AC32A2257A5001AB641 /* GameControllerViewController.swift in Sources */ = {isa = PBXBuildFile; fileRef = 8FBF1ABA2A2257A5001AB641 /* GameControllerViewController.swift */; };
		8FD2009E2A0AF64E0089C1F1 /* AppDelegate.swift in Sources */ = {isa = PBXBuildFile; fileRef = 8FD2009D2A0AF64E0089C1F1 /* AppDelegate.swift */; };
		8FD200A02A0AF64E0089C1F1 /* SceneDelegate.swift in Sources */ = {isa = PBXBuildFile; fileRef = 8FD2009F2A0AF64E0089C1F1 /* SceneDelegate.swift */; };
		8FD200A22A0AF64E0089C1F1 /* HiddenButtonViewController.swift in Sources */ = {isa = PBXBuildFile; fileRef = 8FD200A12A0AF64E0089C1F1 /* HiddenButtonViewController.swift */; };
		8FD200A52A0AF64E0089C1F1 /* Main.storyboard in Resources */ = {isa = PBXBuildFile; fileRef = 8FD200A32A0AF64E0089C1F1 /* Main.storyboard */; };
		8FD200A72A0AF6520089C1F1 /* Assets.xcassets in Resources */ = {isa = PBXBuildFile; fileRef = 8FD200A62A0AF6520089C1F1 /* Assets.xcassets */; };
		8FD200AA2A0AF6520089C1F1 /* LaunchScreen.storyboard in Resources */ = {isa = PBXBuildFile; fileRef = 8FD200A82A0AF6520089C1F1 /* LaunchScreen.storyboard */; };
		8FD200B22A0C495A0089C1F1 /* HBGameController.swift in Sources */ = {isa = PBXBuildFile; fileRef = 8FD200B12A0C495A0089C1F1 /* HBGameController.swift */; };
/* End PBXBuildFile section */

/* Begin PBXFileReference section */
		8FBF1A9F2A1AD135001AB641 /* Start1View.swift */ = {isa = PBXFileReference; lastKnownFileType = sourcecode.swift; path = Start1View.swift; sourceTree = "<group>"; };
		8FBF1AA32A1AE07B001AB641 /* GameSelectionViewController.swift */ = {isa = PBXFileReference; lastKnownFileType = sourcecode.swift; path = GameSelectionViewController.swift; sourceTree = "<group>"; };
		8FBF1AA92A224C3C001AB641 /* CrossNillPlayer.swift */ = {isa = PBXFileReference; fileEncoding = 4; lastKnownFileType = sourcecode.swift; path = CrossNillPlayer.swift; sourceTree = "<group>"; };
		8FBF1AAA2A224C3D001AB641 /* CrossAndNillsViewController.swift */ = {isa = PBXFileReference; fileEncoding = 4; lastKnownFileType = sourcecode.swift; path = CrossAndNillsViewController.swift; sourceTree = "<group>"; };
		8FBF1AAF2A2257A4001AB641 /* Gamecontroller.swift */ = {isa = PBXFileReference; fileEncoding = 4; lastKnownFileType = sourcecode.swift; path = Gamecontroller.swift; sourceTree = "<group>"; };
		8FBF1AB02A2257A4001AB641 /* Player.swift */ = {isa = PBXFileReference; fileEncoding = 4; lastKnownFileType = sourcecode.swift; path = Player.swift; sourceTree = "<group>"; };
		8FBF1AB22A2257A5001AB641 /* Necorect.mp3 */ = {isa = PBXFileReference; lastKnownFileType = audio.mp3; path = Necorect.mp3; sourceTree = "<group>"; };
		8FBF1AB32A2257A5001AB641 /* backGraund.mp3 */ = {isa = PBXFileReference; lastKnownFileType = audio.mp3; path = backGraund.mp3; sourceTree = "<group>"; };
		8FBF1AB42A2257A5001AB641 /* correct.mp3 */ = {isa = PBXFileReference; lastKnownFileType = audio.mp3; path = correct.mp3; sourceTree = "<group>"; };
		8FBF1AB62A2257A5001AB641 /* LoginViewController.swift */ = {isa = PBXFileReference; fileEncoding = 4; lastKnownFileType = sourcecode.swift; path = LoginViewController.swift; sourceTree = "<group>"; };
		8FBF1AB82A2257A5001AB641 /* UserTableViewCell.swift */ = {isa = PBXFileReference; fileEncoding = 4; lastKnownFileType = sourcecode.swift; path = UserTableViewCell.swift; sourceTree = "<group>"; };
		8FBF1AB92A2257A5001AB641 /* UserListViewController.swift */ = {isa = PBXFileReference; fileEncoding = 4; lastKnownFileType = sourcecode.swift; path = UserListViewController.swift; sourceTree = "<group>"; };
		8FBF1ABA2A2257A5001AB641 /* GameControllerViewController.swift */ = {isa = PBXFileReference; fileEncoding = 4; lastKnownFileType = sourcecode.swift; path = GameControllerViewController.swift; sourceTree = "<group>"; };
		8FD2009A2A0AF64E0089C1F1 /* HiddenButton.app */ = {isa = PBXFileReference; explicitFileType = wrapper.application; includeInIndex = 0; path = HiddenButton.app; sourceTree = BUILT_PRODUCTS_DIR; };
		8FD2009D2A0AF64E0089C1F1 /* AppDelegate.swift */ = {isa = PBXFileReference; lastKnownFileType = sourcecode.swift; path = AppDelegate.swift; sourceTree = "<group>"; };
		8FD2009F2A0AF64E0089C1F1 /* SceneDelegate.swift */ = {isa = PBXFileReference; lastKnownFileType = sourcecode.swift; path = SceneDelegate.swift; sourceTree = "<group>"; };
		8FD200A12A0AF64E0089C1F1 /* HiddenButtonViewController.swift */ = {isa = PBXFileReference; lastKnownFileType = sourcecode.swift; path = HiddenButtonViewController.swift; sourceTree = "<group>"; };
		8FD200A42A0AF64E0089C1F1 /* Base */ = {isa = PBXFileReference; lastKnownFileType = file.storyboard; name = Base; path = Base.lproj/Main.storyboard; sourceTree = "<group>"; };
		8FD200A62A0AF6520089C1F1 /* Assets.xcassets */ = {isa = PBXFileReference; lastKnownFileType = folder.assetcatalog; path = Assets.xcassets; sourceTree = "<group>"; };
		8FD200A92A0AF6520089C1F1 /* Base */ = {isa = PBXFileReference; lastKnownFileType = file.storyboard; name = Base; path = Base.lproj/LaunchScreen.storyboard; sourceTree = "<group>"; };
		8FD200AB2A0AF6520089C1F1 /* Info.plist */ = {isa = PBXFileReference; lastKnownFileType = text.plist.xml; path = Info.plist; sourceTree = "<group>"; };
		8FD200B12A0C495A0089C1F1 /* HBGameController.swift */ = {isa = PBXFileReference; lastKnownFileType = sourcecode.swift; path = HBGameController.swift; sourceTree = "<group>"; };
/* End PBXFileReference section */

/* Begin PBXFrameworksBuildPhase section */
		8FD200972A0AF64E0089C1F1 /* Frameworks */ = {
			isa = PBXFrameworksBuildPhase;
			buildActionMask = 2147483647;
			files = (
			);
			runOnlyForDeploymentPostprocessing = 0;
		};
/* End PBXFrameworksBuildPhase section */

/* Begin PBXGroup section */
		8FBF1A9E2A1AD085001AB641 /* StartGroup */ = {
			isa = PBXGroup;
			children = (
				8FBF1A9F2A1AD135001AB641 /* Start1View.swift */,
				8FBF1AA32A1AE07B001AB641 /* GameSelectionViewController.swift */,
			);
			path = StartGroup;
			sourceTree = "<group>";
		};
		8FBF1AA62A224B78001AB641 /* Games */ = {
			isa = PBXGroup;
			children = (
				8FBF1AAD2A2255FE001AB641 /* Black&Red */,
				8FBF1AA82A224BD9001AB641 /* Cross&nils */,
				8FBF1AA72A224BAF001AB641 /* HiddenButton */,
			);
			path = Games;
			sourceTree = "<group>";
		};
		8FBF1AA72A224BAF001AB641 /* HiddenButton */ = {
			isa = PBXGroup;
			children = (
				8FD200A12A0AF64E0089C1F1 /* HiddenButtonViewController.swift */,
				8FD200B12A0C495A0089C1F1 /* HBGameController.swift */,
			);
			path = HiddenButton;
			sourceTree = "<group>";
		};
		8FBF1AA82A224BD9001AB641 /* Cross&nils */ = {
			isa = PBXGroup;
			children = (
				8FBF1AA92A224C3C001AB641 /* CrossNillPlayer.swift */,
				8FBF1AAA2A224C3D001AB641 /* CrossAndNillsViewController.swift */,
			);
			path = "Cross&nils";
			sourceTree = "<group>";
		};
		8FBF1AAD2A2255FE001AB641 /* Black&Red */ = {
			isa = PBXGroup;
			children = (
				8FBF1AAE2A2257A4001AB641 /* Model */,
				8FBF1AB12A2257A5001AB641 /* Sounds */,
				8FBF1AB52A2257A5001AB641 /* viewControllers */,
			);
			path = "Black&Red";
			sourceTree = "<group>";
		};
		8FBF1AAE2A2257A4001AB641 /* Model */ = {
			isa = PBXGroup;
			children = (
				8FBF1AAF2A2257A4001AB641 /* Gamecontroller.swift */,
				8FBF1AB02A2257A4001AB641 /* Player.swift */,
			);
			path = Model;
			sourceTree = "<group>";
		};
		8FBF1AB12A2257A5001AB641 /* Sounds */ = {
			isa = PBXGroup;
			children = (
				8FBF1AB22A2257A5001AB641 /* Necorect.mp3 */,
				8FBF1AB32A2257A5001AB641 /* backGraund.mp3 */,
				8FBF1AB42A2257A5001AB641 /* correct.mp3 */,
			);
			path = Sounds;
			sourceTree = "<group>";
		};
		8FBF1AB52A2257A5001AB641 /* viewControllers */ = {
			isa = PBXGroup;
			children = (
				8FBF1AB72A2257A5001AB641 /* Cells */,
				8FBF1AB62A2257A5001AB641 /* LoginViewController.swift */,
				8FBF1AB92A2257A5001AB641 /* UserListViewController.swift */,
				8FBF1ABA2A2257A5001AB641 /* GameControllerViewController.swift */,
			);
			path = viewControllers;
			sourceTree = "<group>";
		};
		8FBF1AB72A2257A5001AB641 /* Cells */ = {
			isa = PBXGroup;
			children = (
				8FBF1AB82A2257A5001AB641 /* UserTableViewCell.swift */,
			);
			path = Cells;
			sourceTree = "<group>";
		};
		8FD200912A0AF64E0089C1F1 = {
			isa = PBXGroup;
			children = (
				8FD2009C2A0AF64E0089C1F1 /* HiddenButton */,
				8FD2009B2A0AF64E0089C1F1 /* Products */,
			);
			sourceTree = "<group>";
		};
		8FD2009B2A0AF64E0089C1F1 /* Products */ = {
			isa = PBXGroup;
			children = (
				8FD2009A2A0AF64E0089C1F1 /* HiddenButton.app */,
			);
			name = Products;
			sourceTree = "<group>";
		};
		8FD2009C2A0AF64E0089C1F1 /* HiddenButton */ = {
			isa = PBXGroup;
			children = (
				8FBF1AA62A224B78001AB641 /* Games */,
				8FBF1A9E2A1AD085001AB641 /* StartGroup */,
				8FD2009D2A0AF64E0089C1F1 /* AppDelegate.swift */,
				8FD2009F2A0AF64E0089C1F1 /* SceneDelegate.swift */,
				8FD200A32A0AF64E0089C1F1 /* Main.storyboard */,
				8FD200A62A0AF6520089C1F1 /* Assets.xcassets */,
				8FD200A82A0AF6520089C1F1 /* LaunchScreen.storyboard */,
				8FD200AB2A0AF6520089C1F1 /* Info.plist */,
			);
			path = HiddenButton;
			sourceTree = "<group>";
		};
/* End PBXGroup section */

/* Begin PBXNativeTarget section */
		8FD200992A0AF64E0089C1F1 /* HiddenButton */ = {
			isa = PBXNativeTarget;
			buildConfigurationList = 8FD200AE2A0AF6520089C1F1 /* Build configuration list for PBXNativeTarget "HiddenButton" */;
			buildPhases = (
				8FD200962A0AF64E0089C1F1 /* Sources */,
				8FD200972A0AF64E0089C1F1 /* Frameworks */,
				8FD200982A0AF64E0089C1F1 /* Resources */,
			);
			buildRules = (
			);
			dependencies = (
			);
			name = HiddenButton;
			productName = HiddenButton;
			productReference = 8FD2009A2A0AF64E0089C1F1 /* HiddenButton.app */;
			productType = "com.apple.product-type.application";
		};
/* End PBXNativeTarget section */

/* Begin PBXProject section */
		8FD200922A0AF64E0089C1F1 /* Project object */ = {
			isa = PBXProject;
			attributes = {
				BuildIndependentTargetsInParallel = 1;
				LastSwiftUpdateCheck = 1320;
				LastUpgradeCheck = 1320;
				TargetAttributes = {
					8FD200992A0AF64E0089C1F1 = {
						CreatedOnToolsVersion = 13.2.1;
					};
				};
			};
			buildConfigurationList = 8FD200952A0AF64E0089C1F1 /* Build configuration list for PBXProject "HiddenButton" */;
			compatibilityVersion = "Xcode 13.0";
			developmentRegion = en;
			hasScannedForEncodings = 0;
			knownRegions = (
				en,
				Base,
			);
			mainGroup = 8FD200912A0AF64E0089C1F1;
			productRefGroup = 8FD2009B2A0AF64E0089C1F1 /* Products */;
			projectDirPath = "";
			projectRoot = "";
			targets = (
				8FD200992A0AF64E0089C1F1 /* HiddenButton */,
			);
		};
/* End PBXProject section */

/* Begin PBXResourcesBuildPhase section */
		8FD200982A0AF64E0089C1F1 /* Resources */ = {
			isa = PBXResourcesBuildPhase;
			buildActionMask = 2147483647;
			files = (
				8FD200AA2A0AF6520089C1F1 /* LaunchScreen.storyboard in Resources */,
				8FBF1ABD2A2257A5001AB641 /* Necorect.mp3 in Resources */,
				8FD200A72A0AF6520089C1F1 /* Assets.xcassets in Resources */,
				8FBF1ABE2A2257A5001AB641 /* backGraund.mp3 in Resources */,
				8FD200A52A0AF64E0089C1F1 /* Main.storyboard in Resources */,
				8FBF1ABF2A2257A5001AB641 /* correct.mp3 in Resources */,
			);
			runOnlyForDeploymentPostprocessing = 0;
		};
/* End PBXResourcesBuildPhase section */

/* Begin PBXSourcesBuildPhase section */
		8FD200962A0AF64E0089C1F1 /* Sources */ = {
			isa = PBXSourcesBuildPhase;
			buildActionMask = 2147483647;
			files = (
				8FD200A22A0AF64E0089C1F1 /* HiddenButtonViewController.swift in Sources */,
				8FD200B22A0C495A0089C1F1 /* HBGameController.swift in Sources */,
				8FBF1AA42A1AE07B001AB641 /* GameSelectionViewController.swift in Sources */,
				8FD2009E2A0AF64E0089C1F1 /* AppDelegate.swift in Sources */,
				8FBF1AC32A2257A5001AB641 /* GameControllerViewController.swift in Sources */,
				8FBF1AC12A2257A5001AB641 /* UserTableViewCell.swift in Sources */,
				8FBF1AC02A2257A5001AB641 /* LoginViewController.swift in Sources */,
				8FBF1ABB2A2257A5001AB641 /* Gamecontroller.swift in Sources */,
				8FBF1AAB2A224C3D001AB641 /* CrossNillPlayer.swift in Sources */,
				8FBF1AC22A2257A5001AB641 /* UserListViewController.swift in Sources */,
				8FD200A02A0AF64E0089C1F1 /* SceneDelegate.swift in Sources */,
				8FBF1AAC2A224C3D001AB641 /* CrossAndNillsViewController.swift in Sources */,
				8FBF1ABC2A2257A5001AB641 /* Player.swift in Sources */,
				8FBF1AA02A1AD135001AB641 /* Start1View.swift in Sources */,
			);
			runOnlyForDeploymentPostprocessing = 0;
		};
/* End PBXSourcesBuildPhase section */

/* Begin PBXVariantGroup section */
		8FD200A32A0AF64E0089C1F1 /* Main.storyboard */ = {
			isa = PBXVariantGroup;
			children = (
				8FD200A42A0AF64E0089C1F1 /* Base */,
			);
			name = Main.storyboard;
			sourceTree = "<group>";
		};
		8FD200A82A0AF6520089C1F1 /* LaunchScreen.storyboard */ = {
			isa = PBXVariantGroup;
			children = (
				8FD200A92A0AF6520089C1F1 /* Base */,
			);
			name = LaunchScreen.storyboard;
			sourceTree = "<group>";
		};
/* End PBXVariantGroup section */

/* Begin XCBuildConfiguration section */
		8FD200AC2A0AF6520089C1F1 /* Debug */ = {
			isa = XCBuildConfiguration;
			buildSettings = {
				ALWAYS_SEARCH_USER_PATHS = NO;
				CLANG_ANALYZER_NONNULL = YES;
				CLANG_ANALYZER_NUMBER_OBJECT_CONVERSION = YES_AGGRESSIVE;
				CLANG_CXX_LANGUAGE_STANDARD = "gnu++17";
				CLANG_CXX_LIBRARY = "libc++";
				CLANG_ENABLE_MODULES = YES;
				CLANG_ENABLE_OBJC_ARC = YES;
				CLANG_ENABLE_OBJC_WEAK = YES;
				CLANG_WARN_BLOCK_CAPTURE_AUTORELEASING = YES;
				CLANG_WARN_BOOL_CONVERSION = YES;
				CLANG_WARN_COMMA = YES;
				CLANG_WARN_CONSTANT_CONVERSION = YES;
				CLANG_WARN_DEPRECATED_OBJC_IMPLEMENTATIONS = YES;
				CLANG_WARN_DIRECT_OBJC_ISA_USAGE = YES_ERROR;
				CLANG_WARN_DOCUMENTATION_COMMENTS = YES;
				CLANG_WARN_EMPTY_BODY = YES;
				CLANG_WARN_ENUM_CONVERSION = YES;
				CLANG_WARN_INFINITE_RECURSION = YES;
				CLANG_WARN_INT_CONVERSION = YES;
				CLANG_WARN_NON_LITERAL_NULL_CONVERSION = YES;
				CLANG_WARN_OBJC_IMPLICIT_RETAIN_SELF = YES;
				CLANG_WARN_OBJC_LITERAL_CONVERSION = YES;
				CLANG_WARN_OBJC_ROOT_CLASS = YES_ERROR;
				CLANG_WARN_QUOTED_INCLUDE_IN_FRAMEWORK_HEADER = YES;
				CLANG_WARN_RANGE_LOOP_ANALYSIS = YES;
				CLANG_WARN_STRICT_PROTOTYPES = YES;
				CLANG_WARN_SUSPICIOUS_MOVE = YES;
				CLANG_WARN_UNGUARDED_AVAILABILITY = YES_AGGRESSIVE;
				CLANG_WARN_UNREACHABLE_CODE = YES;
				CLANG_WARN__DUPLICATE_METHOD_MATCH = YES;
				COPY_PHASE_STRIP = NO;
				DEBUG_INFORMATION_FORMAT = dwarf;
				ENABLE_STRICT_OBJC_MSGSEND = YES;
				ENABLE_TESTABILITY = YES;
				GCC_C_LANGUAGE_STANDARD = gnu11;
				GCC_DYNAMIC_NO_PIC = NO;
				GCC_NO_COMMON_BLOCKS = YES;
				GCC_OPTIMIZATION_LEVEL = 0;
				GCC_PREPROCESSOR_DEFINITIONS = (
					"DEBUG=1",
					"$(inherited)",
				);
				GCC_WARN_64_TO_32_BIT_CONVERSION = YES;
				GCC_WARN_ABOUT_RETURN_TYPE = YES_ERROR;
				GCC_WARN_UNDECLARED_SELECTOR = YES;
				GCC_WARN_UNINITIALIZED_AUTOS = YES_AGGRESSIVE;
				GCC_WARN_UNUSED_FUNCTION = YES;
				GCC_WARN_UNUSED_VARIABLE = YES;
				IPHONEOS_DEPLOYMENT_TARGET = 15.2;
				MTL_ENABLE_DEBUG_INFO = INCLUDE_SOURCE;
				MTL_FAST_MATH = YES;
				ONLY_ACTIVE_ARCH = YES;
				SDKROOT = iphoneos;
				SWIFT_ACTIVE_COMPILATION_CONDITIONS = DEBUG;
				SWIFT_OPTIMIZATION_LEVEL = "-Onone";
			};
			name = Debug;
		};
		8FD200AD2A0AF6520089C1F1 /* Release */ = {
			isa = XCBuildConfiguration;
			buildSettings = {
				ALWAYS_SEARCH_USER_PATHS = NO;
				CLANG_ANALYZER_NONNULL = YES;
				CLANG_ANALYZER_NUMBER_OBJECT_CONVERSION = YES_AGGRESSIVE;
				CLANG_CXX_LANGUAGE_STANDARD = "gnu++17";
				CLANG_CXX_LIBRARY = "libc++";
				CLANG_ENABLE_MODULES = YES;
				CLANG_ENABLE_OBJC_ARC = YES;
				CLANG_ENABLE_OBJC_WEAK = YES;
				CLANG_WARN_BLOCK_CAPTURE_AUTORELEASING = YES;
				CLANG_WARN_BOOL_CONVERSION = YES;
				CLANG_WARN_COMMA = YES;
				CLANG_WARN_CONSTANT_CONVERSION = YES;
				CLANG_WARN_DEPRECATED_OBJC_IMPLEMENTATIONS = YES;
				CLANG_WARN_DIRECT_OBJC_ISA_USAGE = YES_ERROR;
				CLANG_WARN_DOCUMENTATION_COMMENTS = YES;
				CLANG_WARN_EMPTY_BODY = YES;
				CLANG_WARN_ENUM_CONVERSION = YES;
				CLANG_WARN_INFINITE_RECURSION = YES;
				CLANG_WARN_INT_CONVERSION = YES;
				CLANG_WARN_NON_LITERAL_NULL_CONVERSION = YES;
				CLANG_WARN_OBJC_IMPLICIT_RETAIN_SELF = YES;
				CLANG_WARN_OBJC_LITERAL_CONVERSION = YES;
				CLANG_WARN_OBJC_ROOT_CLASS = YES_ERROR;
				CLANG_WARN_QUOTED_INCLUDE_IN_FRAMEWORK_HEADER = YES;
				CLANG_WARN_RANGE_LOOP_ANALYSIS = YES;
				CLANG_WARN_STRICT_PROTOTYPES = YES;
				CLANG_WARN_SUSPICIOUS_MOVE = YES;
				CLANG_WARN_UNGUARDED_AVAILABILITY = YES_AGGRESSIVE;
				CLANG_WARN_UNREACHABLE_CODE = YES;
				CLANG_WARN__DUPLICATE_METHOD_MATCH = YES;
				COPY_PHASE_STRIP = NO;
				DEBUG_INFORMATION_FORMAT = "dwarf-with-dsym";
				ENABLE_NS_ASSERTIONS = NO;
				ENABLE_STRICT_OBJC_MSGSEND = YES;
				GCC_C_LANGUAGE_STANDARD = gnu11;
				GCC_NO_COMMON_BLOCKS = YES;
				GCC_WARN_64_TO_32_BIT_CONVERSION = YES;
				GCC_WARN_ABOUT_RETURN_TYPE = YES_ERROR;
				GCC_WARN_UNDECLARED_SELECTOR = YES;
				GCC_WARN_UNINITIALIZED_AUTOS = YES_AGGRESSIVE;
				GCC_WARN_UNUSED_FUNCTION = YES;
				GCC_WARN_UNUSED_VARIABLE = YES;
				IPHONEOS_DEPLOYMENT_TARGET = 15.2;
				MTL_ENABLE_DEBUG_INFO = NO;
				MTL_FAST_MATH = YES;
				SDKROOT = iphoneos;
				SWIFT_COMPILATION_MODE = wholemodule;
				SWIFT_OPTIMIZATION_LEVEL = "-O";
				VALIDATE_PRODUCT = YES;
			};
			name = Release;
		};
		8FD200AF2A0AF6520089C1F1 /* Debug */ = {
			isa = XCBuildConfiguration;
			buildSettings = {
				ASSETCATALOG_COMPILER_APPICON_NAME = AppIcon;
				ASSETCATALOG_COMPILER_GLOBAL_ACCENT_COLOR_NAME = AccentColor;
				CODE_SIGN_STYLE = Automatic;
				CURRENT_PROJECT_VERSION = 1;
				DEVELOPMENT_TEAM = N5LQBU3K37;
				GENERATE_INFOPLIST_FILE = YES;
				INFOPLIST_FILE = HiddenButton/Info.plist;
				INFOPLIST_KEY_UIApplicationSupportsIndirectInputEvents = YES;
				INFOPLIST_KEY_UILaunchStoryboardName = LaunchScreen;
				INFOPLIST_KEY_UIMainStoryboardFile = Main;
				INFOPLIST_KEY_UISupportedInterfaceOrientations_iPad = "UIInterfaceOrientationPortrait UIInterfaceOrientationPortraitUpsideDown UIInterfaceOrientationLandscapeLeft UIInterfaceOrientationLandscapeRight";
				INFOPLIST_KEY_UISupportedInterfaceOrientations_iPhone = "UIInterfaceOrientationPortrait UIInterfaceOrientationLandscapeLeft UIInterfaceOrientationLandscapeRight";
				LD_RUNPATH_SEARCH_PATHS = (
					"$(inherited)",
					"@executable_path/Frameworks",
				);
				MARKETING_VERSION = 1.0;
				PRODUCT_BUNDLE_IDENTIFIER = NidSoftSky.HiddenButton;
				PRODUCT_NAME = "$(TARGET_NAME)";
				SWIFT_EMIT_LOC_STRINGS = YES;
				SWIFT_VERSION = 5.0;
				TARGETED_DEVICE_FAMILY = "1,2";
			};
			name = Debug;
		};
		8FD200B02A0AF6520089C1F1 /* Release */ = {
			isa = XCBuildConfiguration;
			buildSettings = {
				ASSETCATALOG_COMPILER_APPICON_NAME = AppIcon;
				ASSETCATALOG_COMPILER_GLOBAL_ACCENT_COLOR_NAME = AccentColor;
				CODE_SIGN_STYLE = Automatic;
				CURRENT_PROJECT_VERSION = 1;
				DEVELOPMENT_TEAM = N5LQBU3K37;
				GENERATE_INFOPLIST_FILE = YES;
				INFOPLIST_FILE = HiddenButton/Info.plist;
				INFOPLIST_KEY_UIApplicationSupportsIndirectInputEvents = YES;
				INFOPLIST_KEY_UILaunchStoryboardName = LaunchScreen;
				INFOPLIST_KEY_UIMainStoryboardFile = Main;
				INFOPLIST_KEY_UISupportedInterfaceOrientations_iPad = "UIInterfaceOrientationPortrait UIInterfaceOrientationPortraitUpsideDown UIInterfaceOrientationLandscapeLeft UIInterfaceOrientationLandscapeRight";
				INFOPLIST_KEY_UISupportedInterfaceOrientations_iPhone = "UIInterfaceOrientationPortrait UIInterfaceOrientationLandscapeLeft UIInterfaceOrientationLandscapeRight";
				LD_RUNPATH_SEARCH_PATHS = (
					"$(inherited)",
					"@executable_path/Frameworks",
				);
				MARKETING_VERSION = 1.0;
				PRODUCT_BUNDLE_IDENTIFIER = NidSoftSky.HiddenButton;
				PRODUCT_NAME = "$(TARGET_NAME)";
				SWIFT_EMIT_LOC_STRINGS = YES;
				SWIFT_VERSION = 5.0;
				TARGETED_DEVICE_FAMILY = "1,2";
			};
			name = Release;
		};
/* End XCBuildConfiguration section */

/* Begin XCConfigurationList section */
		8FD200952A0AF64E0089C1F1 /* Build configuration list for PBXProject "HiddenButton" */ = {
			isa = XCConfigurationList;
			buildConfigurations = (
				8FD200AC2A0AF6520089C1F1 /* Debug */,
				8FD200AD2A0AF6520089C1F1 /* Release */,
			);
			defaultConfigurationIsVisible = 0;
			defaultConfigurationName = Release;
		};
		8FD200AE2A0AF6520089C1F1 /* Build configuration list for PBXNativeTarget "HiddenButton" */ = {
			isa = XCConfigurationList;
			buildConfigurations = (
				8FD200AF2A0AF6520089C1F1 /* Debug */,
				8FD200B02A0AF6520089C1F1 /* Release */,
			);
			defaultConfigurationIsVisible = 0;
			defaultConfigurationName = Release;
		};
/* End XCConfigurationList section */
	};
	rootObject = 8FD200922A0AF64E0089C1F1 /* Project object */;
}
